{
  "name": "alexmi-ha_guitartabs",
  "version": "1.0.0",
  "lockfileVersion": 3,
  "requires": true,
  "packages": {
    "": {
      "name": "alexmi-ha_guitartabs",
      "version": "1.0.0",
      "license": "ISC",
      "dependencies": {
        "@coderline/alphatab": "^1.8.0"
      }
    },
    "node_modules/@coderline/alphatab": {
      "version": "1.8.0",
      "resolved": "https://registry.npmjs.org/@coderline/alphatab/-/alphatab-1.8.0.tgz",
      "integrity": "sha512-8CvGX3jnVFGwvHUEHJrX4/RkGJiNeEJ8kjIqvcXNhYFlU0zZNhw6LMJ06cESX+fe2swT6dvfKz4dHvX+Rh+17A==",
      "license": "MPL-2.0",
      "engines": {
        "node": ">=6.0.0"
      }
    }
  }
}
